// !$*UTF8*$!
{
	archiveVersion = 1;
	classes = {
	};
	objectVersion = 50;
	objects = {

/* Begin PBXBuildFile section */
		BCB85FBA2580CE7000090C6D /* AlbumModel.swift in Sources */ = {isa = PBXBuildFile; fileRef = BCB85FB92580CE7000090C6D /* AlbumModel.swift */; };
		BCB85FBE2580CF8400090C6D /* NetworkService.swift in Sources */ = {isa = PBXBuildFile; fileRef = BCB85FBD2580CF8400090C6D /* NetworkService.swift */; };
		BCB85FC12580D87900090C6D /* CollectionViewDelegate + DataSource.swift in Sources */ = {isa = PBXBuildFile; fileRef = BCB85FC02580D87900090C6D /* CollectionViewDelegate + DataSource.swift */; };
		BCB85FC42580F6DD00090C6D /* CollectionViewCell.swift in Sources */ = {isa = PBXBuildFile; fileRef = BCB85FC32580F6DC00090C6D /* CollectionViewCell.swift */; };
		BCC5B93A25876D8F00C0D75D /* DetailViewControllerDelegate + DataSource.swift in Sources */ = {isa = PBXBuildFile; fileRef = BCC5B93925876D8F00C0D75D /* DetailViewControllerDelegate + DataSource.swift */; };
		BCDA0E64258372C200D119A1 /* DetailViewController.swift in Sources */ = {isa = PBXBuildFile; fileRef = BCDA0E63258372C200D119A1 /* DetailViewController.swift */; };
		BCFE945325800444006A68FE /* AppDelegate.swift in Sources */ = {isa = PBXBuildFile; fileRef = BCFE945225800444006A68FE /* AppDelegate.swift */; };
		BCFE945525800444006A68FE /* SceneDelegate.swift in Sources */ = {isa = PBXBuildFile; fileRef = BCFE945425800444006A68FE /* SceneDelegate.swift */; };
		BCFE945725800444006A68FE /* MainViewController.swift in Sources */ = {isa = PBXBuildFile; fileRef = BCFE945625800444006A68FE /* MainViewController.swift */; };
		BCFE945C25800446006A68FE /* Assets.xcassets in Resources */ = {isa = PBXBuildFile; fileRef = BCFE945B25800446006A68FE /* Assets.xcassets */; };
		BCFE945F25800446006A68FE /* LaunchScreen.storyboard in Resources */ = {isa = PBXBuildFile; fileRef = BCFE945D25800446006A68FE /* LaunchScreen.storyboard */; };
/* End PBXBuildFile section */

/* Begin PBXFileReference section */
		BCB85FB92580CE7000090C6D /* AlbumModel.swift */ = {isa = PBXFileReference; lastKnownFileType = sourcecode.swift; path = AlbumModel.swift; sourceTree = "<group>"; };
		BCB85FBD2580CF8400090C6D /* NetworkService.swift */ = {isa = PBXFileReference; lastKnownFileType = sourcecode.swift; path = NetworkService.swift; sourceTree = "<group>"; };
		BCB85FC02580D87900090C6D /* CollectionViewDelegate + DataSource.swift */ = {isa = PBXFileReference; lastKnownFileType = sourcecode.swift; path = "CollectionViewDelegate + DataSource.swift"; sourceTree = "<group>"; };
		BCB85FC32580F6DC00090C6D /* CollectionViewCell.swift */ = {isa = PBXFileReference; lastKnownFileType = sourcecode.swift; path = CollectionViewCell.swift; sourceTree = "<group>"; };
		BCC5B93925876D8F00C0D75D /* DetailViewControllerDelegate + DataSource.swift */ = {isa = PBXFileReference; lastKnownFileType = sourcecode.swift; path = "DetailViewControllerDelegate + DataSource.swift"; sourceTree = "<group>"; };
		BCDA0E63258372C200D119A1 /* DetailViewController.swift */ = {isa = PBXFileReference; lastKnownFileType = sourcecode.swift; path = DetailViewController.swift; sourceTree = "<group>"; };
		BCFE944F25800444006A68FE /* Fora Soft (Test Task).app */ = {isa = PBXFileReference; explicitFileType = wrapper.application; includeInIndex = 0; path = "Fora Soft (Test Task).app"; sourceTree = BUILT_PRODUCTS_DIR; };
		BCFE945225800444006A68FE /* AppDelegate.swift */ = {isa = PBXFileReference; lastKnownFileType = sourcecode.swift; path = AppDelegate.swift; sourceTree = "<group>"; };
		BCFE945425800444006A68FE /* SceneDelegate.swift */ = {isa = PBXFileReference; lastKnownFileType = sourcecode.swift; path = SceneDelegate.swift; sourceTree = "<group>"; };
		BCFE945625800444006A68FE /* MainViewController.swift */ = {isa = PBXFileReference; lastKnownFileType = sourcecode.swift; path = MainViewController.swift; sourceTree = "<group>"; };
		BCFE945B25800446006A68FE /* Assets.xcassets */ = {isa = PBXFileReference; lastKnownFileType = folder.assetcatalog; path = Assets.xcassets; sourceTree = "<group>"; };
		BCFE945E25800446006A68FE /* Base */ = {isa = PBXFileReference; lastKnownFileType = file.storyboard; name = Base; path = Base.lproj/LaunchScreen.storyboard; sourceTree = "<group>"; };
		BCFE946025800446006A68FE /* Info.plist */ = {isa = PBXFileReference; lastKnownFileType = text.plist; name = Info.plist; path = "Fora Soft (Test Task)/New Group/Info.plist"; sourceTree = SOURCE_ROOT; };
/* End PBXFileReference section */

/* Begin PBXFrameworksBuildPhase section */
		BCFE944C25800444006A68FE /* Frameworks */ = {
			isa = PBXFrameworksBuildPhase;
			buildActionMask = 2147483647;
			files = (
			);
			runOnlyForDeploymentPostprocessing = 0;
		};
/* End PBXFrameworksBuildPhase section */

/* Begin PBXGroup section */
		BCB85FB625800C1500090C6D /* MainViewController */ = {
			isa = PBXGroup;
			children = (
				BCFE945625800444006A68FE /* MainViewController.swift */,
				BCB85FC02580D87900090C6D /* CollectionViewDelegate + DataSource.swift */,
				BCB85FC32580F6DC00090C6D /* CollectionViewCell.swift */,
			);
			path = MainViewController;
			sourceTree = "<group>";
		};
		BCB85FB82580CE5E00090C6D /* Model */ = {
			isa = PBXGroup;
			children = (
				BCB85FB92580CE7000090C6D /* AlbumModel.swift */,
			);
			path = Model;
			sourceTree = "<group>";
		};
		BCB85FBC2580CF6700090C6D /* NetworkService */ = {
			isa = PBXGroup;
			children = (
				BCB85FBD2580CF8400090C6D /* NetworkService.swift */,
			);
			path = NetworkService;
			sourceTree = "<group>";
		};
		BCDA0E62258372A400D119A1 /* DetailViewController */ = {
			isa = PBXGroup;
			children = (
				BCDA0E63258372C200D119A1 /* DetailViewController.swift */,
				BCC5B93925876D8F00C0D75D /* DetailViewControllerDelegate + DataSource.swift */,
			);
			path = DetailViewController;
			sourceTree = "<group>";
		};
		BCFE944625800444006A68FE = {
			isa = PBXGroup;
			children = (
				BCFE945125800444006A68FE /* Fora Soft (Test Task) */,
				BCFE945025800444006A68FE /* Products */,
			);
			sourceTree = "<group>";
		};
		BCFE945025800444006A68FE /* Products */ = {
			isa = PBXGroup;
			children = (
				BCFE944F25800444006A68FE /* Fora Soft (Test Task).app */,
			);
			name = Products;
			sourceTree = "<group>";
		};
		BCFE945125800444006A68FE /* Fora Soft (Test Task) */ = {
			isa = PBXGroup;
			children = (
				BCB85FBC2580CF6700090C6D /* NetworkService */,
				BCB85FB82580CE5E00090C6D /* Model */,
				BCB85FB625800C1500090C6D /* MainViewController */,
				BCDA0E62258372A400D119A1 /* DetailViewController */,
				BCFE946E258008E5006A68FE /* Supporting */,
				BCFE946C258008D1006A68FE /* App + Scene */,
			);
			path = "Fora Soft (Test Task)";
			sourceTree = "<group>";
		};
		BCFE946C258008D1006A68FE /* App + Scene */ = {
			isa = PBXGroup;
			children = (
				BCFE945225800444006A68FE /* AppDelegate.swift */,
				BCFE945425800444006A68FE /* SceneDelegate.swift */,
			);
			path = "App + Scene";
			sourceTree = "<group>";
		};
		BCFE946E258008E5006A68FE /* Supporting */ = {
			isa = PBXGroup;
			children = (
				BCFE945B25800446006A68FE /* Assets.xcassets */,
				BCFE945D25800446006A68FE /* LaunchScreen.storyboard */,
				BCFE946025800446006A68FE /* Info.plist */,
			);
			path = Supporting;
			sourceTree = "<group>";
		};
/* End PBXGroup section */

/* Begin PBXNativeTarget section */
		BCFE944E25800444006A68FE /* Fora Soft (Test Task) */ = {
			isa = PBXNativeTarget;
			buildConfigurationList = BCFE946325800446006A68FE /* Build configuration list for PBXNativeTarget "Fora Soft (Test Task)" */;
			buildPhases = (
				BCFE944B25800444006A68FE /* Sources */,
				BCFE944C25800444006A68FE /* Frameworks */,
				BCFE944D25800444006A68FE /* Resources */,
			);
			buildRules = (
			);
			dependencies = (
			);
			name = "Fora Soft (Test Task)";
			productName = "Fora Soft (Test Task)";
			productReference = BCFE944F25800444006A68FE /* Fora Soft (Test Task).app */;
			productType = "com.apple.product-type.application";
		};
/* End PBXNativeTarget section */

/* Begin PBXProject section */
		BCFE944725800444006A68FE /* Project object */ = {
			isa = PBXProject;
			attributes = {
				LastSwiftUpdateCheck = 1200;
				LastUpgradeCheck = 1200;
				TargetAttributes = {
					BCFE944E25800444006A68FE = {
						CreatedOnToolsVersion = 12.0;
					};
				};
			};
			buildConfigurationList = BCFE944A25800444006A68FE /* Build configuration list for PBXProject "Fora Soft (Test Task)" */;
			compatibilityVersion = "Xcode 9.3";
			developmentRegion = en;
			hasScannedForEncodings = 0;
			knownRegions = (
				en,
				Base,
			);
			mainGroup = BCFE944625800444006A68FE;
			productRefGroup = BCFE945025800444006A68FE /* Products */;
			projectDirPath = "";
			projectRoot = "";
			targets = (
				BCFE944E25800444006A68FE /* Fora Soft (Test Task) */,
			);
		};
/* End PBXProject section */

/* Begin PBXResourcesBuildPhase section */
		BCFE944D25800444006A68FE /* Resources */ = {
			isa = PBXResourcesBuildPhase;
			buildActionMask = 2147483647;
			files = (
				BCFE945F25800446006A68FE /* LaunchScreen.storyboard in Resources */,
				BCFE945C25800446006A68FE /* Assets.xcassets in Resources */,
			);
			runOnlyForDeploymentPostprocessing = 0;
		};
/* End PBXResourcesBuildPhase section */

/* Begin PBXSourcesBuildPhase section */
		BCFE944B25800444006A68FE /* Sources */ = {
			isa = PBXSourcesBuildPhase;
			buildActionMask = 2147483647;
			files = (
				BCB85FBE2580CF8400090C6D /* NetworkService.swift in Sources */,
				BCFE945725800444006A68FE /* MainViewController.swift in Sources */,
				BCB85FC42580F6DD00090C6D /* CollectionViewCell.swift in Sources */,
				BCB85FBA2580CE7000090C6D /* AlbumModel.swift in Sources */,
				BCFE945325800444006A68FE /* AppDelegate.swift in Sources */,
				BCC5B93A25876D8F00C0D75D /* DetailViewControllerDelegate + DataSource.swift in Sources */,
				BCB85FC12580D87900090C6D /* CollectionViewDelegate + DataSource.swift in Sources */,
				BCFE945525800444006A68FE /* SceneDelegate.swift in Sources */,
				BCDA0E64258372C200D119A1 /* DetailViewController.swift in Sources */,
			);
			runOnlyForDeploymentPostprocessing = 0;
		};
/* End PBXSourcesBuildPhase section */

/* Begin PBXVariantGroup section */
		BCFE945D25800446006A68FE /* LaunchScreen.storyboard */ = {
			isa = PBXVariantGroup;
			children = (
				BCFE945E25800446006A68FE /* Base */,
			);
			name = LaunchScreen.storyboard;
			sourceTree = "<group>";
		};
/* End PBXVariantGroup section */

/* Begin XCBuildConfiguration section */
		BCFE946125800446006A68FE /* Debug */ = {
			isa = XCBuildConfiguration;
			buildSettings = {
				ALWAYS_SEARCH_USER_PATHS = NO;
				CLANG_ANALYZER_NONNULL = YES;
				CLANG_ANALYZER_NUMBER_OBJECT_CONVERSION = YES_AGGRESSIVE;
				CLANG_CXX_LANGUAGE_STANDARD = "gnu++14";
				CLANG_CXX_LIBRARY = "libc++";
				CLANG_ENABLE_MODULES = YES;
				CLANG_ENABLE_OBJC_ARC = YES;
				CLANG_ENABLE_OBJC_WEAK = YES;
				CLANG_WARN_BLOCK_CAPTURE_AUTORELEASING = YES;
				CLANG_WARN_BOOL_CONVERSION = YES;
				CLANG_WARN_COMMA = YES;
				CLANG_WARN_CONSTANT_CONVERSION = YES;
				CLANG_WARN_DEPRECATED_OBJC_IMPLEMENTATIONS = YES;
				CLANG_WARN_DIRECT_OBJC_ISA_USAGE = YES_ERROR;
				CLANG_WARN_DOCUMENTATION_COMMENTS = YES;
				CLANG_WARN_EMPTY_BODY = YES;
				CLANG_WARN_ENUM_CONVERSION = YES;
				CLANG_WARN_INFINITE_RECURSION = YES;
				CLANG_WARN_INT_CONVERSION = YES;
				CLANG_WARN_NON_LITERAL_NULL_CONVERSION = YES;
				CLANG_WARN_OBJC_IMPLICIT_RETAIN_SELF = YES;
				CLANG_WARN_OBJC_LITERAL_CONVERSION = YES;
				CLANG_WARN_OBJC_ROOT_CLASS = YES_ERROR;
				CLANG_WARN_QUOTED_INCLUDE_IN_FRAMEWORK_HEADER = YES;
				CLANG_WARN_RANGE_LOOP_ANALYSIS = YES;
				CLANG_WARN_STRICT_PROTOTYPES = YES;
				CLANG_WARN_SUSPICIOUS_MOVE = YES;
				CLANG_WARN_UNGUARDED_AVAILABILITY = YES_AGGRESSIVE;
				CLANG_WARN_UNREACHABLE_CODE = YES;
				CLANG_WARN__DUPLICATE_METHOD_MATCH = YES;
				COPY_PHASE_STRIP = NO;
				DEBUG_INFORMATION_FORMAT = dwarf;
				ENABLE_STRICT_OBJC_MSGSEND = YES;
				ENABLE_TESTABILITY = YES;
				GCC_C_LANGUAGE_STANDARD = gnu11;
				GCC_DYNAMIC_NO_PIC = NO;
				GCC_NO_COMMON_BLOCKS = YES;
				GCC_OPTIMIZATION_LEVEL = 0;
				GCC_PREPROCESSOR_DEFINITIONS = (
					"DEBUG=1",
					"$(inherited)",
				);
				GCC_WARN_64_TO_32_BIT_CONVERSION = YES;
				GCC_WARN_ABOUT_RETURN_TYPE = YES_ERROR;
				GCC_WARN_UNDECLARED_SELECTOR = YES;
				GCC_WARN_UNINITIALIZED_AUTOS = YES_AGGRESSIVE;
				GCC_WARN_UNUSED_FUNCTION = YES;
				GCC_WARN_UNUSED_VARIABLE = YES;
				IPHONEOS_DEPLOYMENT_TARGET = 12.0;
				MTL_ENABLE_DEBUG_INFO = INCLUDE_SOURCE;
				MTL_FAST_MATH = YES;
				ONLY_ACTIVE_ARCH = YES;
				SDKROOT = iphoneos;
				SWIFT_ACTIVE_COMPILATION_CONDITIONS = DEBUG;
				SWIFT_OPTIMIZATION_LEVEL = "-Onone";
			};
			name = Debug;
		};
		BCFE946225800446006A68FE /* Release */ = {
			isa = XCBuildConfiguration;
			buildSettings = {
				ALWAYS_SEARCH_USER_PATHS = NO;
				CLANG_ANALYZER_NONNULL = YES;
				CLANG_ANALYZER_NUMBER_OBJECT_CONVERSION = YES_AGGRESSIVE;
				CLANG_CXX_LANGUAGE_STANDARD = "gnu++14";
				CLANG_CXX_LIBRARY = "libc++";
				CLANG_ENABLE_MODULES = YES;
				CLANG_ENABLE_OBJC_ARC = YES;
				CLANG_ENABLE_OBJC_WEAK = YES;
				CLANG_WARN_BLOCK_CAPTURE_AUTORELEASING = YES;
				CLANG_WARN_BOOL_CONVERSION = YES;
				CLANG_WARN_COMMA = YES;
				CLANG_WARN_CONSTANT_CONVERSION = YES;
				CLANG_WARN_DEPRECATED_OBJC_IMPLEMENTATIONS = YES;
				CLANG_WARN_DIRECT_OBJC_ISA_USAGE = YES_ERROR;
				CLANG_WARN_DOCUMENTATION_COMMENTS = YES;
				CLANG_WARN_EMPTY_BODY = YES;
				CLANG_WARN_ENUM_CONVERSION = YES;
				CLANG_WARN_INFINITE_RECURSION = YES;
				CLANG_WARN_INT_CONVERSION = YES;
				CLANG_WARN_NON_LITERAL_NULL_CONVERSION = YES;
				CLANG_WARN_OBJC_IMPLICIT_RETAIN_SELF = YES;
				CLANG_WARN_OBJC_LITERAL_CONVERSION = YES;
				CLANG_WARN_OBJC_ROOT_CLASS = YES_ERROR;
				CLANG_WARN_QUOTED_INCLUDE_IN_FRAMEWORK_HEADER = YES;
				CLANG_WARN_RANGE_LOOP_ANALYSIS = YES;
				CLANG_WARN_STRICT_PROTOTYPES = YES;
				CLANG_WARN_SUSPICIOUS_MOVE = YES;
				CLANG_WARN_UNGUARDED_AVAILABILITY = YES_AGGRESSIVE;
				CLANG_WARN_UNREACHABLE_CODE = YES;
				CLANG_WARN__DUPLICATE_METHOD_MATCH = YES;
				COPY_PHASE_STRIP = NO;
				DEBUG_INFORMATION_FORMAT = "dwarf-with-dsym";
				ENABLE_NS_ASSERTIONS = NO;
				ENABLE_STRICT_OBJC_MSGSEND = YES;
				GCC_C_LANGUAGE_STANDARD = gnu11;
				GCC_NO_COMMON_BLOCKS = YES;
				GCC_WARN_64_TO_32_BIT_CONVERSION = YES;
				GCC_WARN_ABOUT_RETURN_TYPE = YES_ERROR;
				GCC_WARN_UNDECLARED_SELECTOR = YES;
				GCC_WARN_UNINITIALIZED_AUTOS = YES_AGGRESSIVE;
				GCC_WARN_UNUSED_FUNCTION = YES;
				GCC_WARN_UNUSED_VARIABLE = YES;
				IPHONEOS_DEPLOYMENT_TARGET = 12.0;
				MTL_ENABLE_DEBUG_INFO = NO;
				MTL_FAST_MATH = YES;
				SDKROOT = iphoneos;
				SWIFT_COMPILATION_MODE = wholemodule;
				SWIFT_OPTIMIZATION_LEVEL = "-O";
				VALIDATE_PRODUCT = YES;
			};
			name = Release;
		};
		BCFE946425800446006A68FE /* Debug */ = {
			isa = XCBuildConfiguration;
			buildSettings = {
				ASSETCATALOG_COMPILER_APPICON_NAME = AppIcon;
				ASSETCATALOG_COMPILER_GLOBAL_ACCENT_COLOR_NAME = AccentColor;
				CODE_SIGN_STYLE = Automatic;
				DEVELOPMENT_TEAM = 7JDNVBEZLP;
				INFOPLIST_FILE = "Fora Soft (Test Task)/Supporting/Info.plist";
				IPHONEOS_DEPLOYMENT_TARGET = 12.0;
				LD_RUNPATH_SEARCH_PATHS = (
					"$(inherited)",
					"@executable_path/Frameworks",
				);
				PRODUCT_BUNDLE_IDENTIFIER = "com.ahmerovdmitry.MyPets.Fora-Soft--Test-Task-";
				PRODUCT_NAME = "$(TARGET_NAME)";
				SWIFT_VERSION = 5.0;
				TARGETED_DEVICE_FAMILY = 1;
			};
			name = Debug;
		};
		BCFE946525800446006A68FE /* Release */ = {
			isa = XCBuildConfiguration;
			buildSettings = {
				ASSETCATALOG_COMPILER_APPICON_NAME = AppIcon;
				ASSETCATALOG_COMPILER_GLOBAL_ACCENT_COLOR_NAME = AccentColor;
				CODE_SIGN_STYLE = Automatic;
				DEVELOPMENT_TEAM = 7JDNVBEZLP;
				INFOPLIST_FILE = "Fora Soft (Test Task)/Supporting/Info.plist";
				IPHONEOS_DEPLOYMENT_TARGET = 12.0;
				LD_RUNPATH_SEARCH_PATHS = (
					"$(inherited)",
					"@executable_path/Frameworks",
				);
				PRODUCT_BUNDLE_IDENTIFIER = "com.ahmerovdmitry.MyPets.Fora-Soft--Test-Task-";
				PRODUCT_NAME = "$(TARGET_NAME)";
				SWIFT_VERSION = 5.0;
				TARGETED_DEVICE_FAMILY = 1;
			};
			name = Release;
		};
/* End XCBuildConfiguration section */

/* Begin XCConfigurationList section */
		BCFE944A25800444006A68FE /* Build configuration list for PBXProject "Fora Soft (Test Task)" */ = {
			isa = XCConfigurationList;
			buildConfigurations = (
				BCFE946125800446006A68FE /* Debug */,
				BCFE946225800446006A68FE /* Release */,
			);
			defaultConfigurationIsVisible = 0;
			defaultConfigurationName = Release;
		};
		BCFE946325800446006A68FE /* Build configuration list for PBXNativeTarget "Fora Soft (Test Task)" */ = {
			isa = XCConfigurationList;
			buildConfigurations = (
				BCFE946425800446006A68FE /* Debug */,
				BCFE946525800446006A68FE /* Release */,
			);
			defaultConfigurationIsVisible = 0;
			defaultConfigurationName = Release;
		};
/* End XCConfigurationList section */
	};
	rootObject = BCFE944725800444006A68FE /* Project object */;
}
